
Microsoft Visual Studio Solution File, Format Version 12.00
# Visual Studio 15
VisualStudioVersion = 15.0.26430.16
MinimumVisualStudioVersion = 10.0.40219.1
Project("{FAE04EC0-301F-11D3-BF4B-00C04F79EFBC}") = "CapaPresentación", "CapaPresentación\CapaPresentación.csproj", "{B956A7DE-FD76-4548-ABBF-373B75AE4D7B}"
EndProject
Project("{FAE04EC0-301F-11D3-BF4B-00C04F79EFBC}") = "CapaDatos", "CapaDatos\CapaDatos.csproj", "{826D8F71-605E-4190-8EBE-C0854222319B}"
EndProject
Project("{FAE04EC0-301F-11D3-BF4B-00C04F79EFBC}") = "CapaLogica", "CapaLogica\CapaLogica.csproj", "{3F26C102-A841-4A86-A0EB-404D190FE730}"
EndProject
Global
	GlobalSection(SolutionConfigurationPlatforms) = preSolution
		Debug|Any CPU = Debug|Any CPU
		Release|Any CPU = Release|Any CPU
	EndGlobalSection
	GlobalSection(ProjectConfigurationPlatforms) = postSolution
		{B956A7DE-FD76-4548-ABBF-373B75AE4D7B}.Debug|Any CPU.ActiveCfg = Debug|Any CPU
		{B956A7DE-FD76-4548-ABBF-373B75AE4D7B}.Debug|Any CPU.Build.0 = Debug|Any CPU
		{B956A7DE-FD76-4548-ABBF-373B75AE4D7B}.Release|Any CPU.ActiveCfg = Release|Any CPU
		{B956A7DE-FD76-4548-ABBF-373B75AE4D7B}.Release|Any CPU.Build.0 = Release|Any CPU
		{826D8F71-605E-4190-8EBE-C0854222319B}.Debug|Any CPU.ActiveCfg = Debug|Any CPU
		{826D8F71-605E-4190-8EBE-C0854222319B}.Debug|Any CPU.Build.0 = Debug|Any CPU
		{826D8F71-605E-4190-8EBE-C0854222319B}.Release|Any CPU.ActiveCfg = Release|Any CPU
		{826D8F71-605E-4190-8EBE-C0854222319B}.Release|Any CPU.Build.0 = Release|Any CPU
		{3F26C102-A841-4A86-A0EB-404D190FE730}.Debug|Any CPU.ActiveCfg = Debug|Any CPU
		{3F26C102-A841-4A86-A0EB-404D190FE730}.Debug|Any CPU.Build.0 = Debug|Any CPU
		{3F26C102-A841-4A86-A0EB-404D190FE730}.Release|Any CPU.ActiveCfg = Release|Any CPU
		{3F26C102-A841-4A86-A0EB-404D190FE730}.Release|Any CPU.Build.0 = Release|Any CPU
	EndGlobalSection
	GlobalSection(SolutionProperties) = preSolution
		HideSolutionNode = FALSE
	EndGlobalSection
EndGlobal
